
Microsoft Visual Studio Solution File, Format Version 12.00
# Visual Studio Version 17
VisualStudioVersion = 17.12.35506.116
MinimumVisualStudioVersion = 10.0.40219.1
Project("{9A19103F-16F7-4668-BE54-9A1E7A4F7556}") = "PingApp", "PingApp\PingApp.csproj", "{EF8FC7D4-C969-4D6F-9CDF-D6CDB51556FA}"
EndProject
Project("{9A19103F-16F7-4668-BE54-9A1E7A4F7556}") = "PingConsole", "PingConsole\PingConsole.csproj", "{A9D3585D-3A63-4848-8FAC-6D16AF9EE2F6}"
EndProject
Global
	GlobalSection(SolutionConfigurationPlatforms) = preSolution
		Debug|Any CPU = Debug|Any CPU
		Release|Any CPU = Release|Any CPU
	EndGlobalSection
	GlobalSection(ProjectConfigurationPlatforms) = postSolution
		{EF8FC7D4-C969-4D6F-9CDF-D6CDB51556FA}.Debug|Any CPU.ActiveCfg = Debug|Any CPU
		{EF8FC7D4-C969-4D6F-9CDF-D6CDB51556FA}.Debug|Any CPU.Build.0 = Debug|Any CPU
		{EF8FC7D4-C969-4D6F-9CDF-D6CDB51556FA}.Release|Any CPU.ActiveCfg = Release|Any CPU
		{EF8FC7D4-C969-4D6F-9CDF-D6CDB51556FA}.Release|Any CPU.Build.0 = Release|Any CPU
		{A9D3585D-3A63-4848-8FAC-6D16AF9EE2F6}.Debug|Any CPU.ActiveCfg = Debug|Any CPU
		{A9D3585D-3A63-4848-8FAC-6D16AF9EE2F6}.Debug|Any CPU.Build.0 = Debug|Any CPU
		{A9D3585D-3A63-4848-8FAC-6D16AF9EE2F6}.Release|Any CPU.ActiveCfg = Release|Any CPU
		{A9D3585D-3A63-4848-8FAC-6D16AF9EE2F6}.Release|Any CPU.Build.0 = Release|Any CPU
	EndGlobalSection
	GlobalSection(SolutionProperties) = preSolution
		HideSolutionNode = FALSE
	EndGlobalSection
	GlobalSection(ExtensibilityGlobals) = postSolution
		SolutionGuid = {043ED0EB-BB21-45E0-9B4E-B9EDEA20E9DF}
	EndGlobalSection
EndGlobal
